{
    "name": "react-portfolio",
    "version": "1.0.0",
    "lockfileVersion": 1,
    "requires": true,
    "dependencies": {
        "react": {
            "version": "16.13.1",
            "resolved": "https://registry.npmjs.org/react/-/react-16.13.1.tgz",
            "integrity": "sha512-+7v7z5Z2gk3KU8j0f9yj4ZDfO3lOZz7e2FZn3J9b8fz9k1jzjv6l6Y1Bc3Zz0n9zj",
            "dev": true,
            "optional": false,
            "requires": {
                "loose-envify": "^1.1.0",
                "object-assign": "^4.1.1",
                "prop-types": "^15.6.2"
            }
        },
        "react-dom": {
            "version": "16.13.1",
            "resolved": "https://registry.npmjs.org/react-dom/-/react-dom-16.13.1.tgz",
            "integrity": "sha512-+7v7z5Z2gk3KU8j0f9yj4ZDfO3lOZz7e2FZn3J9b8fz9k1jzjv6l6Y1Bc3Zz0n9zj",
            "dev": true,
            "optional": false,
            "requires": {
                "loose-envify": "^1.1.0",
                "object-assign": "^4.1.1",
                "prop-types": "^15.6.2"
            }
        }
    }
}